// !$*UTF8*$!
{
	archiveVersion = 1;
	classes = {
	};
	objectVersion = 56;
	objects = {

/* Begin PBXBuildFile section */
		5C1D783629F3DABF0056E8AA /* AppDelegate.swift in Sources */ = {isa = PBXBuildFile; fileRef = 5C1D783529F3DABF0056E8AA /* AppDelegate.swift */; };
		5C1D783829F3DABF0056E8AA /* SceneDelegate.swift in Sources */ = {isa = PBXBuildFile; fileRef = 5C1D783729F3DABF0056E8AA /* SceneDelegate.swift */; };
		5C1D783A29F3DABF0056E8AA /* ViewController.swift in Sources */ = {isa = PBXBuildFile; fileRef = 5C1D783929F3DABF0056E8AA /* ViewController.swift */; };
		5C1D783F29F3DAC00056E8AA /* Assets.xcassets in Resources */ = {isa = PBXBuildFile; fileRef = 5C1D783E29F3DAC00056E8AA /* Assets.xcassets */; };
		5C1D784229F3DAC00056E8AA /* LaunchScreen.storyboard in Resources */ = {isa = PBXBuildFile; fileRef = 5C1D784029F3DAC00056E8AA /* LaunchScreen.storyboard */; };
		5C1D784B29F3DB1F0056E8AA /* Header.swift in Sources */ = {isa = PBXBuildFile; fileRef = 5C1D784A29F3DB1F0056E8AA /* Header.swift */; };
		5C1D784D29F3F0B00056E8AA /* Title.swift in Sources */ = {isa = PBXBuildFile; fileRef = 5C1D784C29F3F0B00056E8AA /* Title.swift */; };
		5C1D784F29F4095A0056E8AA /* Button.swift in Sources */ = {isa = PBXBuildFile; fileRef = 5C1D784E29F4095A0056E8AA /* Button.swift */; };
		5C1D785429F421840056E8AA /* Mocks.swift in Sources */ = {isa = PBXBuildFile; fileRef = 5C1D785329F421840056E8AA /* Mocks.swift */; };
/* End PBXBuildFile section */

/* Begin PBXFileReference section */
		5C1D783229F3DABF0056E8AA /* TINF.app */ = {isa = PBXFileReference; explicitFileType = wrapper.application; includeInIndex = 0; path = TINF.app; sourceTree = BUILT_PRODUCTS_DIR; };
		5C1D783529F3DABF0056E8AA /* AppDelegate.swift */ = {isa = PBXFileReference; lastKnownFileType = sourcecode.swift; path = AppDelegate.swift; sourceTree = "<group>"; };
		5C1D783729F3DABF0056E8AA /* SceneDelegate.swift */ = {isa = PBXFileReference; lastKnownFileType = sourcecode.swift; path = SceneDelegate.swift; sourceTree = "<group>"; };
		5C1D783929F3DABF0056E8AA /* ViewController.swift */ = {isa = PBXFileReference; lastKnownFileType = sourcecode.swift; path = ViewController.swift; sourceTree = "<group>"; };
		5C1D783E29F3DAC00056E8AA /* Assets.xcassets */ = {isa = PBXFileReference; lastKnownFileType = folder.assetcatalog; path = Assets.xcassets; sourceTree = "<group>"; };
		5C1D784129F3DAC00056E8AA /* Base */ = {isa = PBXFileReference; lastKnownFileType = file.storyboard; name = Base; path = Base.lproj/LaunchScreen.storyboard; sourceTree = "<group>"; };
		5C1D784329F3DAC00056E8AA /* Info.plist */ = {isa = PBXFileReference; lastKnownFileType = text.plist.xml; path = Info.plist; sourceTree = "<group>"; };
		5C1D784A29F3DB1F0056E8AA /* Header.swift */ = {isa = PBXFileReference; lastKnownFileType = sourcecode.swift; path = Header.swift; sourceTree = "<group>"; };
		5C1D784C29F3F0B00056E8AA /* Title.swift */ = {isa = PBXFileReference; lastKnownFileType = sourcecode.swift; path = Title.swift; sourceTree = "<group>"; };
		5C1D784E29F4095A0056E8AA /* Button.swift */ = {isa = PBXFileReference; lastKnownFileType = sourcecode.swift; path = Button.swift; sourceTree = "<group>"; };
		5C1D785229F41AB00056E8AA /* Package */ = {isa = PBXFileReference; lastKnownFileType = wrapper; name = Package; path = ../Package; sourceTree = "<group>"; };
		5C1D785329F421840056E8AA /* Mocks.swift */ = {isa = PBXFileReference; lastKnownFileType = sourcecode.swift; path = Mocks.swift; sourceTree = "<group>"; };
/* End PBXFileReference section */

/* Begin PBXFrameworksBuildPhase section */
		5C1D782F29F3DABF0056E8AA /* Frameworks */ = {
			isa = PBXFrameworksBuildPhase;
			buildActionMask = 2147483647;
			files = (
			);
			runOnlyForDeploymentPostprocessing = 0;
		};
/* End PBXFrameworksBuildPhase section */

/* Begin PBXGroup section */
		5C1D782929F3DABF0056E8AA = {
			isa = PBXGroup;
			children = (
				5C1D785229F41AB00056E8AA /* Package */,
				5C1D783429F3DABF0056E8AA /* TINF */,
				5C1D783329F3DABF0056E8AA /* Products */,
			);
			sourceTree = "<group>";
		};
		5C1D783329F3DABF0056E8AA /* Products */ = {
			isa = PBXGroup;
			children = (
				5C1D783229F3DABF0056E8AA /* TINF.app */,
			);
			name = Products;
			sourceTree = "<group>";
		};
		5C1D783429F3DABF0056E8AA /* TINF */ = {
			isa = PBXGroup;
			children = (
				5C1D784929F3DB0D0056E8AA /* Modules */,
				5C1D783529F3DABF0056E8AA /* AppDelegate.swift */,
				5C1D783729F3DABF0056E8AA /* SceneDelegate.swift */,
				5C1D783929F3DABF0056E8AA /* ViewController.swift */,
				5C1D783E29F3DAC00056E8AA /* Assets.xcassets */,
				5C1D784029F3DAC00056E8AA /* LaunchScreen.storyboard */,
				5C1D784329F3DAC00056E8AA /* Info.plist */,
			);
			path = TINF;
			sourceTree = "<group>";
		};
		5C1D784929F3DB0D0056E8AA /* Modules */ = {
			isa = PBXGroup;
			children = (
				5C1D784A29F3DB1F0056E8AA /* Header.swift */,
				5C1D784C29F3F0B00056E8AA /* Title.swift */,
				5C1D784E29F4095A0056E8AA /* Button.swift */,
				5C1D785329F421840056E8AA /* Mocks.swift */,
			);
			path = Modules;
			sourceTree = "<group>";
		};
/* End PBXGroup section */

/* Begin PBXNativeTarget section */
		5C1D783129F3DABF0056E8AA /* TINF */ = {
			isa = PBXNativeTarget;
			buildConfigurationList = 5C1D784629F3DAC00056E8AA /* Build configuration list for PBXNativeTarget "TINF" */;
			buildPhases = (
				5C1D782E29F3DABF0056E8AA /* Sources */,
				5C1D782F29F3DABF0056E8AA /* Frameworks */,
				5C1D783029F3DABF0056E8AA /* Resources */,
			);
			buildRules = (
			);
			dependencies = (
			);
			name = TINF;
			productName = TINF;
			productReference = 5C1D783229F3DABF0056E8AA /* TINF.app */;
			productType = "com.apple.product-type.application";
		};
/* End PBXNativeTarget section */

/* Begin PBXProject section */
		5C1D782A29F3DABF0056E8AA /* Project object */ = {
			isa = PBXProject;
			attributes = {
				BuildIndependentTargetsInParallel = 1;
				LastSwiftUpdateCheck = 1430;
				LastUpgradeCheck = 1430;
				TargetAttributes = {
					5C1D783129F3DABF0056E8AA = {
						CreatedOnToolsVersion = 14.3;
					};
				};
			};
			buildConfigurationList = 5C1D782D29F3DABF0056E8AA /* Build configuration list for PBXProject "TINF" */;
			compatibilityVersion = "Xcode 14.0";
			developmentRegion = en;
			hasScannedForEncodings = 0;
			knownRegions = (
				en,
				Base,
			);
			mainGroup = 5C1D782929F3DABF0056E8AA;
			productRefGroup = 5C1D783329F3DABF0056E8AA /* Products */;
			projectDirPath = "";
			projectRoot = "";
			targets = (
				5C1D783129F3DABF0056E8AA /* TINF */,
			);
		};
/* End PBXProject section */

/* Begin PBXResourcesBuildPhase section */
		5C1D783029F3DABF0056E8AA /* Resources */ = {
			isa = PBXResourcesBuildPhase;
			buildActionMask = 2147483647;
			files = (
				5C1D784229F3DAC00056E8AA /* LaunchScreen.storyboard in Resources */,
				5C1D783F29F3DAC00056E8AA /* Assets.xcassets in Resources */,
			);
			runOnlyForDeploymentPostprocessing = 0;
		};
/* End PBXResourcesBuildPhase section */

/* Begin PBXSourcesBuildPhase section */
		5C1D782E29F3DABF0056E8AA /* Sources */ = {
			isa = PBXSourcesBuildPhase;
			buildActionMask = 2147483647;
			files = (
				5C1D784D29F3F0B00056E8AA /* Title.swift in Sources */,
				5C1D784F29F4095A0056E8AA /* Button.swift in Sources */,
				5C1D784B29F3DB1F0056E8AA /* Header.swift in Sources */,
				5C1D783A29F3DABF0056E8AA /* ViewController.swift in Sources */,
				5C1D785429F421840056E8AA /* Mocks.swift in Sources */,
				5C1D783629F3DABF0056E8AA /* AppDelegate.swift in Sources */,
				5C1D783829F3DABF0056E8AA /* SceneDelegate.swift in Sources */,
			);
			runOnlyForDeploymentPostprocessing = 0;
		};
/* End PBXSourcesBuildPhase section */

/* Begin PBXVariantGroup section */
		5C1D784029F3DAC00056E8AA /* LaunchScreen.storyboard */ = {
			isa = PBXVariantGroup;
			children = (
				5C1D784129F3DAC00056E8AA /* Base */,
			);
			name = LaunchScreen.storyboard;
			sourceTree = "<group>";
		};
/* End PBXVariantGroup section */

/* Begin XCBuildConfiguration section */
		5C1D784429F3DAC00056E8AA /* Debug */ = {
			isa = XCBuildConfiguration;
			buildSettings = {
				ALWAYS_SEARCH_USER_PATHS = NO;
				CLANG_ANALYZER_NONNULL = YES;
				CLANG_ANALYZER_NUMBER_OBJECT_CONVERSION = YES_AGGRESSIVE;
				CLANG_CXX_LANGUAGE_STANDARD = "gnu++20";
				CLANG_ENABLE_MODULES = YES;
				CLANG_ENABLE_OBJC_ARC = YES;
				CLANG_ENABLE_OBJC_WEAK = YES;
				CLANG_WARN_BLOCK_CAPTURE_AUTORELEASING = YES;
				CLANG_WARN_BOOL_CONVERSION = YES;
				CLANG_WARN_COMMA = YES;
				CLANG_WARN_CONSTANT_CONVERSION = YES;
				CLANG_WARN_DEPRECATED_OBJC_IMPLEMENTATIONS = YES;
				CLANG_WARN_DIRECT_OBJC_ISA_USAGE = YES_ERROR;
				CLANG_WARN_DOCUMENTATION_COMMENTS = YES;
				CLANG_WARN_EMPTY_BODY = YES;
				CLANG_WARN_ENUM_CONVERSION = YES;
				CLANG_WARN_INFINITE_RECURSION = YES;
				CLANG_WARN_INT_CONVERSION = YES;
				CLANG_WARN_NON_LITERAL_NULL_CONVERSION = YES;
				CLANG_WARN_OBJC_IMPLICIT_RETAIN_SELF = YES;
				CLANG_WARN_OBJC_LITERAL_CONVERSION = YES;
				CLANG_WARN_OBJC_ROOT_CLASS = YES_ERROR;
				CLANG_WARN_QUOTED_INCLUDE_IN_FRAMEWORK_HEADER = YES;
				CLANG_WARN_RANGE_LOOP_ANALYSIS = YES;
				CLANG_WARN_STRICT_PROTOTYPES = YES;
				CLANG_WARN_SUSPICIOUS_MOVE = YES;
				CLANG_WARN_UNGUARDED_AVAILABILITY = YES_AGGRESSIVE;
				CLANG_WARN_UNREACHABLE_CODE = YES;
				CLANG_WARN__DUPLICATE_METHOD_MATCH = YES;
				COPY_PHASE_STRIP = NO;
				DEBUG_INFORMATION_FORMAT = dwarf;
				ENABLE_STRICT_OBJC_MSGSEND = YES;
				ENABLE_TESTABILITY = YES;
				GCC_C_LANGUAGE_STANDARD = gnu11;
				GCC_DYNAMIC_NO_PIC = NO;
				GCC_NO_COMMON_BLOCKS = YES;
				GCC_OPTIMIZATION_LEVEL = 0;
				GCC_PREPROCESSOR_DEFINITIONS = (
					"DEBUG=1",
					"$(inherited)",
				);
				GCC_WARN_64_TO_32_BIT_CONVERSION = YES;
				GCC_WARN_ABOUT_RETURN_TYPE = YES_ERROR;
				GCC_WARN_UNDECLARED_SELECTOR = YES;
				GCC_WARN_UNINITIALIZED_AUTOS = YES_AGGRESSIVE;
				GCC_WARN_UNUSED_FUNCTION = YES;
				GCC_WARN_UNUSED_VARIABLE = YES;
				IPHONEOS_DEPLOYMENT_TARGET = 16.4;
				MTL_ENABLE_DEBUG_INFO = INCLUDE_SOURCE;
				MTL_FAST_MATH = YES;
				ONLY_ACTIVE_ARCH = YES;
				SDKROOT = iphoneos;
				SWIFT_ACTIVE_COMPILATION_CONDITIONS = DEBUG;
				SWIFT_OPTIMIZATION_LEVEL = "-Onone";
			};
			name = Debug;
		};
		5C1D784529F3DAC00056E8AA /* Release */ = {
			isa = XCBuildConfiguration;
			buildSettings = {
				ALWAYS_SEARCH_USER_PATHS = NO;
				CLANG_ANALYZER_NONNULL = YES;
				CLANG_ANALYZER_NUMBER_OBJECT_CONVERSION = YES_AGGRESSIVE;
				CLANG_CXX_LANGUAGE_STANDARD = "gnu++20";
				CLANG_ENABLE_MODULES = YES;
				CLANG_ENABLE_OBJC_ARC = YES;
				CLANG_ENABLE_OBJC_WEAK = YES;
				CLANG_WARN_BLOCK_CAPTURE_AUTORELEASING = YES;
				CLANG_WARN_BOOL_CONVERSION = YES;
				CLANG_WARN_COMMA = YES;
				CLANG_WARN_CONSTANT_CONVERSION = YES;
				CLANG_WARN_DEPRECATED_OBJC_IMPLEMENTATIONS = YES;
				CLANG_WARN_DIRECT_OBJC_ISA_USAGE = YES_ERROR;
				CLANG_WARN_DOCUMENTATION_COMMENTS = YES;
				CLANG_WARN_EMPTY_BODY = YES;
				CLANG_WARN_ENUM_CONVERSION = YES;
				CLANG_WARN_INFINITE_RECURSION = YES;
				CLANG_WARN_INT_CONVERSION = YES;
				CLANG_WARN_NON_LITERAL_NULL_CONVERSION = YES;
				CLANG_WARN_OBJC_IMPLICIT_RETAIN_SELF = YES;
				CLANG_WARN_OBJC_LITERAL_CONVERSION = YES;
				CLANG_WARN_OBJC_ROOT_CLASS = YES_ERROR;
				CLANG_WARN_QUOTED_INCLUDE_IN_FRAMEWORK_HEADER = YES;
				CLANG_WARN_RANGE_LOOP_ANALYSIS = YES;
				CLANG_WARN_STRICT_PROTOTYPES = YES;
				CLANG_WARN_SUSPICIOUS_MOVE = YES;
				CLANG_WARN_UNGUARDED_AVAILABILITY = YES_AGGRESSIVE;
				CLANG_WARN_UNREACHABLE_CODE = YES;
				CLANG_WARN__DUPLICATE_METHOD_MATCH = YES;
				COPY_PHASE_STRIP = NO;
				DEBUG_INFORMATION_FORMAT = "dwarf-with-dsym";
				ENABLE_NS_ASSERTIONS = NO;
				ENABLE_STRICT_OBJC_MSGSEND = YES;
				GCC_C_LANGUAGE_STANDARD = gnu11;
				GCC_NO_COMMON_BLOCKS = YES;
				GCC_WARN_64_TO_32_BIT_CONVERSION = YES;
				GCC_WARN_ABOUT_RETURN_TYPE = YES_ERROR;
				GCC_WARN_UNDECLARED_SELECTOR = YES;
				GCC_WARN_UNINITIALIZED_AUTOS = YES_AGGRESSIVE;
				GCC_WARN_UNUSED_FUNCTION = YES;
				GCC_WARN_UNUSED_VARIABLE = YES;
				IPHONEOS_DEPLOYMENT_TARGET = 16.4;
				MTL_ENABLE_DEBUG_INFO = NO;
				MTL_FAST_MATH = YES;
				SDKROOT = iphoneos;
				SWIFT_COMPILATION_MODE = wholemodule;
				SWIFT_OPTIMIZATION_LEVEL = "-O";
				VALIDATE_PRODUCT = YES;
			};
			name = Release;
		};
		5C1D784729F3DAC00056E8AA /* Debug */ = {
			isa = XCBuildConfiguration;
			buildSettings = {
				ASSETCATALOG_COMPILER_APPICON_NAME = AppIcon;
				ASSETCATALOG_COMPILER_GLOBAL_ACCENT_COLOR_NAME = AccentColor;
				CODE_SIGN_STYLE = Automatic;
				CURRENT_PROJECT_VERSION = 1;
				DEVELOPMENT_TEAM = 4JSJDW5K39;
				GENERATE_INFOPLIST_FILE = YES;
				INFOPLIST_FILE = TINF/Info.plist;
				INFOPLIST_KEY_UIApplicationSupportsIndirectInputEvents = YES;
				INFOPLIST_KEY_UILaunchStoryboardName = LaunchScreen;
				INFOPLIST_KEY_UISupportedInterfaceOrientations_iPad = "UIInterfaceOrientationPortrait UIInterfaceOrientationPortraitUpsideDown UIInterfaceOrientationLandscapeLeft UIInterfaceOrientationLandscapeRight";
				INFOPLIST_KEY_UISupportedInterfaceOrientations_iPhone = "UIInterfaceOrientationPortrait UIInterfaceOrientationLandscapeLeft UIInterfaceOrientationLandscapeRight";
				IPHONEOS_DEPLOYMENT_TARGET = 14.0;
				LD_RUNPATH_SEARCH_PATHS = (
					"$(inherited)",
					"@executable_path/Frameworks",
				);
				MARKETING_VERSION = 1.0;
				PRODUCT_BUNDLE_IDENTIFIER = ru.parcode.TINF;
				PRODUCT_NAME = "$(TARGET_NAME)";
				SWIFT_EMIT_LOC_STRINGS = YES;
				SWIFT_VERSION = 5.0;
				TARGETED_DEVICE_FAMILY = "1,2";
			};
			name = Debug;
		};
		5C1D784829F3DAC00056E8AA /* Release */ = {
			isa = XCBuildConfiguration;
			buildSettings = {
				ASSETCATALOG_COMPILER_APPICON_NAME = AppIcon;
				ASSETCATALOG_COMPILER_GLOBAL_ACCENT_COLOR_NAME = AccentColor;
				CODE_SIGN_STYLE = Automatic;
				CURRENT_PROJECT_VERSION = 1;
				DEVELOPMENT_TEAM = 4JSJDW5K39;
				GENERATE_INFOPLIST_FILE = YES;
				INFOPLIST_FILE = TINF/Info.plist;
				INFOPLIST_KEY_UIApplicationSupportsIndirectInputEvents = YES;
				INFOPLIST_KEY_UILaunchStoryboardName = LaunchScreen;
				INFOPLIST_KEY_UISupportedInterfaceOrientations_iPad = "UIInterfaceOrientationPortrait UIInterfaceOrientationPortraitUpsideDown UIInterfaceOrientationLandscapeLeft UIInterfaceOrientationLandscapeRight";
				INFOPLIST_KEY_UISupportedInterfaceOrientations_iPhone = "UIInterfaceOrientationPortrait UIInterfaceOrientationLandscapeLeft UIInterfaceOrientationLandscapeRight";
				IPHONEOS_DEPLOYMENT_TARGET = 14.0;
				LD_RUNPATH_SEARCH_PATHS = (
					"$(inherited)",
					"@executable_path/Frameworks",
				);
				MARKETING_VERSION = 1.0;
				PRODUCT_BUNDLE_IDENTIFIER = ru.parcode.TINF;
				PRODUCT_NAME = "$(TARGET_NAME)";
				SWIFT_EMIT_LOC_STRINGS = YES;
				SWIFT_VERSION = 5.0;
				TARGETED_DEVICE_FAMILY = "1,2";
			};
			name = Release;
		};
/* End XCBuildConfiguration section */

/* Begin XCConfigurationList section */
		5C1D782D29F3DABF0056E8AA /* Build configuration list for PBXProject "TINF" */ = {
			isa = XCConfigurationList;
			buildConfigurations = (
				5C1D784429F3DAC00056E8AA /* Debug */,
				5C1D784529F3DAC00056E8AA /* Release */,
			);
			defaultConfigurationIsVisible = 0;
			defaultConfigurationName = Release;
		};
		5C1D784629F3DAC00056E8AA /* Build configuration list for PBXNativeTarget "TINF" */ = {
			isa = XCConfigurationList;
			buildConfigurations = (
				5C1D784729F3DAC00056E8AA /* Debug */,
				5C1D784829F3DAC00056E8AA /* Release */,
			);
			defaultConfigurationIsVisible = 0;
			defaultConfigurationName = Release;
		};
/* End XCConfigurationList section */
	};
	rootObject = 5C1D782A29F3DABF0056E8AA /* Project object */;
}
